
Microsoft Visual Studio Solution File, Format Version 12.00
# Visual Studio Version 17
VisualStudioVersion = 17.1.32319.34
MinimumVisualStudioVersion = 10.0.40219.1
Project("{FAE04EC0-301F-11D3-BF4B-00C04F79EFBC}") = "MonthlyPayment", "MonthlyPayment\MonthlyPayment.csproj", "{75CD84F1-6097-490F-AAEA-F6FAD1DFAB15}"
EndProject
Global
	GlobalSection(SolutionConfigurationPlatforms) = preSolution
		Debug|Any CPU = Debug|Any CPU
		Release|Any CPU = Release|Any CPU
	EndGlobalSection
	GlobalSection(ProjectConfigurationPlatforms) = postSolution
		{75CD84F1-6097-490F-AAEA-F6FAD1DFAB15}.Debug|Any CPU.ActiveCfg = Debug|Any CPU
		{75CD84F1-6097-490F-AAEA-F6FAD1DFAB15}.Debug|Any CPU.Build.0 = Debug|Any CPU
		{75CD84F1-6097-490F-AAEA-F6FAD1DFAB15}.Release|Any CPU.ActiveCfg = Release|Any CPU
		{75CD84F1-6097-490F-AAEA-F6FAD1DFAB15}.Release|Any CPU.Build.0 = Release|Any CPU
	EndGlobalSection
	GlobalSection(SolutionProperties) = preSolution
		HideSolutionNode = FALSE
	EndGlobalSection
	GlobalSection(ExtensibilityGlobals) = postSolution
		SolutionGuid = {4C128144-25C9-478C-A7DB-BDAF79EBE61E}
	EndGlobalSection
EndGlobal
